
Microsoft Visual Studio Solution File, Format Version 12.00
# Visual Studio Version 17
VisualStudioVersion = 17.5.002.0
MinimumVisualStudioVersion = 10.0.40219.1
Project("{9A19103F-16F7-4668-BE54-9A1E7A4F7556}") = "NTS.Compatibility.EMS", "NTS.Compatibility.EMS.csproj", "{4A52ACC5-2A27-4A8F-94A2-DC803529BFDF}"
EndProject
Global
	GlobalSection(SolutionConfigurationPlatforms) = preSolution
		Debug|Any CPU = Debug|Any CPU
		Release|Any CPU = Release|Any CPU
	EndGlobalSection
	GlobalSection(ProjectConfigurationPlatforms) = postSolution
		{4A52ACC5-2A27-4A8F-94A2-DC803529BFDF}.Debug|Any CPU.ActiveCfg = Debug|Any CPU
		{4A52ACC5-2A27-4A8F-94A2-DC803529BFDF}.Debug|Any CPU.Build.0 = Debug|Any CPU
		{4A52ACC5-2A27-4A8F-94A2-DC803529BFDF}.Release|Any CPU.ActiveCfg = Release|Any CPU
		{4A52ACC5-2A27-4A8F-94A2-DC803529BFDF}.Release|Any CPU.Build.0 = Release|Any CPU
	EndGlobalSection
	GlobalSection(SolutionProperties) = preSolution
		HideSolutionNode = FALSE
	EndGlobalSection
	GlobalSection(ExtensibilityGlobals) = postSolution
		SolutionGuid = {7A6F9456-9303-42F1-854D-D6F646EF3DAD}
	EndGlobalSection
EndGlobal
