
Microsoft Visual Studio Solution File, Format Version 12.00
Project("{FAE04EC0-301F-11D3-BF4B-00C04F79EFBC}") = "Console", "Console\Console.csproj", "{4F12516B-0DBA-4220-A82C-1D8D489D6A97}"
EndProject
Global
	GlobalSection(SolutionConfigurationPlatforms) = preSolution
		Debug|Any CPU = Debug|Any CPU
		Release|Any CPU = Release|Any CPU
	EndGlobalSection
	GlobalSection(ProjectConfigurationPlatforms) = postSolution
		{4F12516B-0DBA-4220-A82C-1D8D489D6A97}.Debug|Any CPU.ActiveCfg = Debug|Any CPU
		{4F12516B-0DBA-4220-A82C-1D8D489D6A97}.Debug|Any CPU.Build.0 = Debug|Any CPU
		{4F12516B-0DBA-4220-A82C-1D8D489D6A97}.Release|Any CPU.ActiveCfg = Release|Any CPU
		{4F12516B-0DBA-4220-A82C-1D8D489D6A97}.Release|Any CPU.Build.0 = Release|Any CPU
	EndGlobalSection
EndGlobal
