Microsoft Visual Studio Solution File, Format Version 12.00
# Visual Studio Version 17
VisualStudioVersion = 17.0.31611.283
MinimumVisualStudioVersion = 10.0.40219.1
Project("{9A19103F-16F7-4668-BE54-9A1E7A4F7556}") = "Endurance.Gateways.Witness", "Endurance.Gateways.Witness.csproj", "{3EF9217C-1425-4358-87A4-45D93CE2D7FC}"
EndProject
Project("{9A19103F-16F7-4668-BE54-9A1E7A4F7556}") = "Application", "..\..\Application\Application.csproj", "{AEB1B5C5-2906-4931-A817-AEDAD6B89B2E}"
EndProject
Project("{9A19103F-16F7-4668-BE54-9A1E7A4F7556}") = "Domain", "..\..\Domain\Domain.csproj", "{A546D307-EFD0-4E52-B400-220F6D2297A2}"
EndProject
Project("{9A19103F-16F7-4668-BE54-9A1E7A4F7556}") = "Core", "..\..\Core\Core.csproj", "{A7335CDB-9AC9-41C1-862C-3DF82EE1E815}"
EndProject
Project("{9A19103F-16F7-4668-BE54-9A1E7A4F7556}") = "Localization", "..\..\Localization\Localization.csproj", "{F3B8D7D4-E669-4A83-9AA6-5527391DA9B7}"
EndProject
Global
	GlobalSection(SolutionConfigurationPlatforms) = preSolution
		Debug|Any CPU = Debug|Any CPU
		Release|Any CPU = Release|Any CPU
	EndGlobalSection
	GlobalSection(ProjectConfigurationPlatforms) = postSolution
		{3EF9217C-1425-4358-87A4-45D93CE2D7FC}.Debug|Any CPU.ActiveCfg = Debug|Any CPU
		{3EF9217C-1425-4358-87A4-45D93CE2D7FC}.Debug|Any CPU.Build.0 = Debug|Any CPU
		{3EF9217C-1425-4358-87A4-45D93CE2D7FC}.Debug|Any CPU.Deploy.0 = Debug|Any CPU
		{3EF9217C-1425-4358-87A4-45D93CE2D7FC}.Release|Any CPU.ActiveCfg = Release|Any CPU
		{3EF9217C-1425-4358-87A4-45D93CE2D7FC}.Release|Any CPU.Build.0 = Release|Any CPU
		{3EF9217C-1425-4358-87A4-45D93CE2D7FC}.Release|Any CPU.Deploy.0 = Release|Any CPU
		{AEB1B5C5-2906-4931-A817-AEDAD6B89B2E}.Debug|Any CPU.ActiveCfg = Debug|Any CPU
		{AEB1B5C5-2906-4931-A817-AEDAD6B89B2E}.Debug|Any CPU.Build.0 = Debug|Any CPU
		{AEB1B5C5-2906-4931-A817-AEDAD6B89B2E}.Release|Any CPU.ActiveCfg = Release|Any CPU
		{AEB1B5C5-2906-4931-A817-AEDAD6B89B2E}.Release|Any CPU.Build.0 = Release|Any CPU
		{A546D307-EFD0-4E52-B400-220F6D2297A2}.Debug|Any CPU.ActiveCfg = Debug|Any CPU
		{A546D307-EFD0-4E52-B400-220F6D2297A2}.Debug|Any CPU.Build.0 = Debug|Any CPU
		{A546D307-EFD0-4E52-B400-220F6D2297A2}.Release|Any CPU.ActiveCfg = Release|Any CPU
		{A546D307-EFD0-4E52-B400-220F6D2297A2}.Release|Any CPU.Build.0 = Release|Any CPU
		{A7335CDB-9AC9-41C1-862C-3DF82EE1E815}.Debug|Any CPU.ActiveCfg = Debug|Any CPU
		{A7335CDB-9AC9-41C1-862C-3DF82EE1E815}.Debug|Any CPU.Build.0 = Debug|Any CPU
		{A7335CDB-9AC9-41C1-862C-3DF82EE1E815}.Release|Any CPU.ActiveCfg = Release|Any CPU
		{A7335CDB-9AC9-41C1-862C-3DF82EE1E815}.Release|Any CPU.Build.0 = Release|Any CPU
		{F3B8D7D4-E669-4A83-9AA6-5527391DA9B7}.Debug|Any CPU.ActiveCfg = Debug|Any CPU
		{F3B8D7D4-E669-4A83-9AA6-5527391DA9B7}.Debug|Any CPU.Build.0 = Debug|Any CPU
		{F3B8D7D4-E669-4A83-9AA6-5527391DA9B7}.Release|Any CPU.ActiveCfg = Release|Any CPU
		{F3B8D7D4-E669-4A83-9AA6-5527391DA9B7}.Release|Any CPU.Build.0 = Release|Any CPU
	EndGlobalSection
	GlobalSection(SolutionProperties) = preSolution
		HideSolutionNode = FALSE
	EndGlobalSection
	GlobalSection(ExtensibilityGlobals) = postSolution
		SolutionGuid = {61F7FB11-1E47-470C-91E2-47F8143E1572}
	EndGlobalSection
EndGlobal
