
Microsoft Visual Studio Solution File, Format Version 12.00
# Visual Studio Version 17
VisualStudioVersion = 17.6.33712.159
MinimumVisualStudioVersion = 10.0.40219.1
Project("{2150E333-8FDC-42A3-9474-1A3956D46DE8}") = "_config", "_config", "{F272C7E7-B2BB-423A-9455-11B38B39A381}"
	ProjectSection(SolutionItems) = preProject
		.editorconfig = .editorconfig
		..\.gitignore = ..\.gitignore
		Directory.Build.targets = Directory.Build.targets
		endurance-management-system.sln.DotSettings = endurance-management-system.sln.DotSettings
		..\global.json = ..\global.json
		Global.ruleset = Global.ruleset
		..\README.md = ..\README.md
		stylecop.json = stylecop.json
	EndProjectSection
EndProject
Project("{2150E333-8FDC-42A3-9474-1A3956D46DE8}") = "Judge", "Judge", "{35F61047-DE3E-46D3-B125-DCE4AF783A33}"
EndProject
Project("{2150E333-8FDC-42A3-9474-1A3956D46DE8}") = "Witness", "Witness", "{364DDF5F-03E3-4215-94E4-73AA564CB4CE}"
EndProject
Project("{2150E333-8FDC-42A3-9474-1A3956D46DE8}") = "_Not", "_Not", "{06233005-CC56-4846-8760-F7AFF5F72F4C}"
EndProject
Project("{9A19103F-16F7-4668-BE54-9A1E7A4F7556}") = "Tools", "Tools\Tools.csproj", "{734C0E0E-C1F8-4586-A387-3D9AFC78368D}"
EndProject
Project("{9A19103F-16F7-4668-BE54-9A1E7A4F7556}") = "Not", "Not\Not\Not.csproj", "{5B4006B1-FE6D-40BB-9458-675F92C287C5}"
EndProject
Project("{9A19103F-16F7-4668-BE54-9A1E7A4F7556}") = "Not.Application", "Not\Not.Application\Not.Application.csproj", "{C665C56D-7759-4298-8EB6-4CDF2038622A}"
EndProject
Project("{9A19103F-16F7-4668-BE54-9A1E7A4F7556}") = "Not.Blazor", "Not\Not.Blazor\Not.Blazor.csproj", "{80A417E5-F50B-4FD1-881D-0A59AE05FDB8}"
EndProject
Project("{9A19103F-16F7-4668-BE54-9A1E7A4F7556}") = "Not.Domain", "Not\Not.Domain\Not.Domain.csproj", "{0DA0258D-25BD-4216-840A-1A824292B398}"
EndProject
Project("{9A19103F-16F7-4668-BE54-9A1E7A4F7556}") = "Not.MAUI", "Not\Not.MAUI\Not.MAUI.csproj", "{80EC3E2B-764F-44C2-BF34-D076C36A79B9}"
EndProject
Project("{9A19103F-16F7-4668-BE54-9A1E7A4F7556}") = "NTS.Judge.Blazor", "Judge\NTS.Judge.Blazor\NTS.Judge.Blazor.csproj", "{0F48C778-5CFC-4930-BF1A-6BD881728431}"
EndProject
Project("{9A19103F-16F7-4668-BE54-9A1E7A4F7556}") = "NTS.Judge", "Judge\NTS.Judge\NTS.Judge.csproj", "{21116654-3290-474E-8BCC-3D7CADB8DF14}"
EndProject
Project("{9A19103F-16F7-4668-BE54-9A1E7A4F7556}") = "NTS.Judge.MAUI", "Judge\NTS.Judge.MAUI\NTS.Judge.MAUI.csproj", "{77B487EE-DD87-434C-9236-BF1F8F783C3F}"
EndProject
Project("{9A19103F-16F7-4668-BE54-9A1E7A4F7556}") = "NTS.Judge.MAUI.Server", "Judge\NTS.Judge.MAUI.Server\NTS.Judge.MAUI.Server.csproj", "{D4EAE4FE-862F-492B-9CB1-F013FFF731C4}"
EndProject
Project("{9A19103F-16F7-4668-BE54-9A1E7A4F7556}") = "NTS.Domain", "NTS.Domain\NTS.Domain.csproj", "{81234E18-7643-453B-AA1F-0EB725ABFB1C}"
EndProject
Project("{9A19103F-16F7-4668-BE54-9A1E7A4F7556}") = "NTS.Domain.Core", "NTS.Domain.Core\NTS.Domain.Core.csproj", "{8DF0EB20-A2C2-447E-BE0A-22636F9AE812}"
EndProject
Project("{9A19103F-16F7-4668-BE54-9A1E7A4F7556}") = "NTS.Domain.Setup", "NTS.Domain.Setup\NTS.Domain.Setup.csproj", "{D3E2C345-92F0-44C4-BC0C-C5C80AA5B1E3}"
EndProject
Project("{9A19103F-16F7-4668-BE54-9A1E7A4F7556}") = "NTS.Domain.Watcher", "NTS.Domain.Watcher\NTS.Domain.Watcher.csproj", "{60DE162C-22FB-4967-A539-9F501EC8AB2C}"
EndProject
Project("{9A19103F-16F7-4668-BE54-9A1E7A4F7556}") = "NTS.Persistence", "NTS.Persistance\NTS.Persistence.csproj", "{D494D4C0-5D65-4235-9C5A-ACE27762CF2B}"
EndProject
Project("{9A19103F-16F7-4668-BE54-9A1E7A4F7556}") = "NTS.Witness", "Witness\NTS.Witness\NTS.Witness.csproj", "{C7033B33-EDA1-4704-B555-B2E98B06EF5B}"
EndProject
Project("{9A19103F-16F7-4668-BE54-9A1E7A4F7556}") = "NTS.Witness.MAUI", "Witness\NTS.Witness.MAUI\NTS.Witness.MAUI.csproj", "{AEE9449C-30A0-438D-8404-7A8237588E15}"
EndProject
Project("{9A19103F-16F7-4668-BE54-9A1E7A4F7556}") = "NTS.Application", "NTS.Application\NTS.Application.csproj", "{B3399F87-1B6C-4211-8BE7-9B67BC87FA11}"
EndProject
Global
	GlobalSection(SolutionConfigurationPlatforms) = preSolution
		Debug|Any CPU = Debug|Any CPU
		Release|Any CPU = Release|Any CPU
	EndGlobalSection
	GlobalSection(ProjectConfigurationPlatforms) = postSolution
		{734C0E0E-C1F8-4586-A387-3D9AFC78368D}.Debug|Any CPU.ActiveCfg = Debug|Any CPU
		{734C0E0E-C1F8-4586-A387-3D9AFC78368D}.Debug|Any CPU.Build.0 = Debug|Any CPU
		{734C0E0E-C1F8-4586-A387-3D9AFC78368D}.Release|Any CPU.ActiveCfg = Release|Any CPU
		{734C0E0E-C1F8-4586-A387-3D9AFC78368D}.Release|Any CPU.Build.0 = Release|Any CPU
		{5B4006B1-FE6D-40BB-9458-675F92C287C5}.Debug|Any CPU.ActiveCfg = Debug|Any CPU
		{5B4006B1-FE6D-40BB-9458-675F92C287C5}.Debug|Any CPU.Build.0 = Debug|Any CPU
		{5B4006B1-FE6D-40BB-9458-675F92C287C5}.Release|Any CPU.ActiveCfg = Release|Any CPU
		{5B4006B1-FE6D-40BB-9458-675F92C287C5}.Release|Any CPU.Build.0 = Release|Any CPU
		{C665C56D-7759-4298-8EB6-4CDF2038622A}.Debug|Any CPU.ActiveCfg = Debug|Any CPU
		{C665C56D-7759-4298-8EB6-4CDF2038622A}.Debug|Any CPU.Build.0 = Debug|Any CPU
		{C665C56D-7759-4298-8EB6-4CDF2038622A}.Release|Any CPU.ActiveCfg = Release|Any CPU
		{C665C56D-7759-4298-8EB6-4CDF2038622A}.Release|Any CPU.Build.0 = Release|Any CPU
		{80A417E5-F50B-4FD1-881D-0A59AE05FDB8}.Debug|Any CPU.ActiveCfg = Debug|Any CPU
		{80A417E5-F50B-4FD1-881D-0A59AE05FDB8}.Debug|Any CPU.Build.0 = Debug|Any CPU
		{80A417E5-F50B-4FD1-881D-0A59AE05FDB8}.Release|Any CPU.ActiveCfg = Release|Any CPU
		{80A417E5-F50B-4FD1-881D-0A59AE05FDB8}.Release|Any CPU.Build.0 = Release|Any CPU
		{0DA0258D-25BD-4216-840A-1A824292B398}.Debug|Any CPU.ActiveCfg = Debug|Any CPU
		{0DA0258D-25BD-4216-840A-1A824292B398}.Debug|Any CPU.Build.0 = Debug|Any CPU
		{0DA0258D-25BD-4216-840A-1A824292B398}.Release|Any CPU.ActiveCfg = Release|Any CPU
		{0DA0258D-25BD-4216-840A-1A824292B398}.Release|Any CPU.Build.0 = Release|Any CPU
		{80EC3E2B-764F-44C2-BF34-D076C36A79B9}.Debug|Any CPU.ActiveCfg = Debug|Any CPU
		{80EC3E2B-764F-44C2-BF34-D076C36A79B9}.Debug|Any CPU.Build.0 = Debug|Any CPU
		{80EC3E2B-764F-44C2-BF34-D076C36A79B9}.Release|Any CPU.ActiveCfg = Release|Any CPU
		{80EC3E2B-764F-44C2-BF34-D076C36A79B9}.Release|Any CPU.Build.0 = Release|Any CPU
		{0F48C778-5CFC-4930-BF1A-6BD881728431}.Debug|Any CPU.ActiveCfg = Debug|Any CPU
		{0F48C778-5CFC-4930-BF1A-6BD881728431}.Debug|Any CPU.Build.0 = Debug|Any CPU
		{0F48C778-5CFC-4930-BF1A-6BD881728431}.Release|Any CPU.ActiveCfg = Release|Any CPU
		{0F48C778-5CFC-4930-BF1A-6BD881728431}.Release|Any CPU.Build.0 = Release|Any CPU
		{21116654-3290-474E-8BCC-3D7CADB8DF14}.Debug|Any CPU.ActiveCfg = Debug|Any CPU
		{21116654-3290-474E-8BCC-3D7CADB8DF14}.Debug|Any CPU.Build.0 = Debug|Any CPU
		{21116654-3290-474E-8BCC-3D7CADB8DF14}.Release|Any CPU.ActiveCfg = Release|Any CPU
		{21116654-3290-474E-8BCC-3D7CADB8DF14}.Release|Any CPU.Build.0 = Release|Any CPU
		{77B487EE-DD87-434C-9236-BF1F8F783C3F}.Debug|Any CPU.ActiveCfg = Debug|Any CPU
		{77B487EE-DD87-434C-9236-BF1F8F783C3F}.Debug|Any CPU.Build.0 = Debug|Any CPU
		{77B487EE-DD87-434C-9236-BF1F8F783C3F}.Release|Any CPU.ActiveCfg = Release|Any CPU
		{77B487EE-DD87-434C-9236-BF1F8F783C3F}.Release|Any CPU.Build.0 = Release|Any CPU
		{D4EAE4FE-862F-492B-9CB1-F013FFF731C4}.Debug|Any CPU.ActiveCfg = Debug|Any CPU
		{D4EAE4FE-862F-492B-9CB1-F013FFF731C4}.Debug|Any CPU.Build.0 = Debug|Any CPU
		{D4EAE4FE-862F-492B-9CB1-F013FFF731C4}.Release|Any CPU.ActiveCfg = Release|Any CPU
		{D4EAE4FE-862F-492B-9CB1-F013FFF731C4}.Release|Any CPU.Build.0 = Release|Any CPU
		{81234E18-7643-453B-AA1F-0EB725ABFB1C}.Debug|Any CPU.ActiveCfg = Debug|Any CPU
		{81234E18-7643-453B-AA1F-0EB725ABFB1C}.Debug|Any CPU.Build.0 = Debug|Any CPU
		{81234E18-7643-453B-AA1F-0EB725ABFB1C}.Release|Any CPU.ActiveCfg = Release|Any CPU
		{81234E18-7643-453B-AA1F-0EB725ABFB1C}.Release|Any CPU.Build.0 = Release|Any CPU
		{8DF0EB20-A2C2-447E-BE0A-22636F9AE812}.Debug|Any CPU.ActiveCfg = Debug|Any CPU
		{8DF0EB20-A2C2-447E-BE0A-22636F9AE812}.Debug|Any CPU.Build.0 = Debug|Any CPU
		{8DF0EB20-A2C2-447E-BE0A-22636F9AE812}.Release|Any CPU.ActiveCfg = Release|Any CPU
		{8DF0EB20-A2C2-447E-BE0A-22636F9AE812}.Release|Any CPU.Build.0 = Release|Any CPU
		{D3E2C345-92F0-44C4-BC0C-C5C80AA5B1E3}.Debug|Any CPU.ActiveCfg = Debug|Any CPU
		{D3E2C345-92F0-44C4-BC0C-C5C80AA5B1E3}.Debug|Any CPU.Build.0 = Debug|Any CPU
		{D3E2C345-92F0-44C4-BC0C-C5C80AA5B1E3}.Release|Any CPU.ActiveCfg = Release|Any CPU
		{D3E2C345-92F0-44C4-BC0C-C5C80AA5B1E3}.Release|Any CPU.Build.0 = Release|Any CPU
		{60DE162C-22FB-4967-A539-9F501EC8AB2C}.Debug|Any CPU.ActiveCfg = Debug|Any CPU
		{60DE162C-22FB-4967-A539-9F501EC8AB2C}.Debug|Any CPU.Build.0 = Debug|Any CPU
		{60DE162C-22FB-4967-A539-9F501EC8AB2C}.Release|Any CPU.ActiveCfg = Release|Any CPU
		{60DE162C-22FB-4967-A539-9F501EC8AB2C}.Release|Any CPU.Build.0 = Release|Any CPU
		{D494D4C0-5D65-4235-9C5A-ACE27762CF2B}.Debug|Any CPU.ActiveCfg = Debug|Any CPU
		{D494D4C0-5D65-4235-9C5A-ACE27762CF2B}.Debug|Any CPU.Build.0 = Debug|Any CPU
		{D494D4C0-5D65-4235-9C5A-ACE27762CF2B}.Release|Any CPU.ActiveCfg = Release|Any CPU
		{D494D4C0-5D65-4235-9C5A-ACE27762CF2B}.Release|Any CPU.Build.0 = Release|Any CPU
		{C7033B33-EDA1-4704-B555-B2E98B06EF5B}.Debug|Any CPU.ActiveCfg = Debug|Any CPU
		{C7033B33-EDA1-4704-B555-B2E98B06EF5B}.Debug|Any CPU.Build.0 = Debug|Any CPU
		{C7033B33-EDA1-4704-B555-B2E98B06EF5B}.Release|Any CPU.ActiveCfg = Release|Any CPU
		{C7033B33-EDA1-4704-B555-B2E98B06EF5B}.Release|Any CPU.Build.0 = Release|Any CPU
		{AEE9449C-30A0-438D-8404-7A8237588E15}.Debug|Any CPU.ActiveCfg = Debug|Any CPU
		{AEE9449C-30A0-438D-8404-7A8237588E15}.Debug|Any CPU.Build.0 = Debug|Any CPU
		{AEE9449C-30A0-438D-8404-7A8237588E15}.Release|Any CPU.ActiveCfg = Release|Any CPU
		{AEE9449C-30A0-438D-8404-7A8237588E15}.Release|Any CPU.Build.0 = Release|Any CPU
		{B3399F87-1B6C-4211-8BE7-9B67BC87FA11}.Debug|Any CPU.ActiveCfg = Debug|Any CPU
		{B3399F87-1B6C-4211-8BE7-9B67BC87FA11}.Debug|Any CPU.Build.0 = Debug|Any CPU
		{B3399F87-1B6C-4211-8BE7-9B67BC87FA11}.Release|Any CPU.ActiveCfg = Release|Any CPU
		{B3399F87-1B6C-4211-8BE7-9B67BC87FA11}.Release|Any CPU.Build.0 = Release|Any CPU
	EndGlobalSection
	GlobalSection(SolutionProperties) = preSolution
		HideSolutionNode = FALSE
	EndGlobalSection
	GlobalSection(NestedProjects) = preSolution
		{5B4006B1-FE6D-40BB-9458-675F92C287C5} = {06233005-CC56-4846-8760-F7AFF5F72F4C}
		{C665C56D-7759-4298-8EB6-4CDF2038622A} = {06233005-CC56-4846-8760-F7AFF5F72F4C}
		{80A417E5-F50B-4FD1-881D-0A59AE05FDB8} = {06233005-CC56-4846-8760-F7AFF5F72F4C}
		{0DA0258D-25BD-4216-840A-1A824292B398} = {06233005-CC56-4846-8760-F7AFF5F72F4C}
		{80EC3E2B-764F-44C2-BF34-D076C36A79B9} = {06233005-CC56-4846-8760-F7AFF5F72F4C}
		{0F48C778-5CFC-4930-BF1A-6BD881728431} = {35F61047-DE3E-46D3-B125-DCE4AF783A33}
		{21116654-3290-474E-8BCC-3D7CADB8DF14} = {35F61047-DE3E-46D3-B125-DCE4AF783A33}
		{77B487EE-DD87-434C-9236-BF1F8F783C3F} = {35F61047-DE3E-46D3-B125-DCE4AF783A33}
		{D4EAE4FE-862F-492B-9CB1-F013FFF731C4} = {35F61047-DE3E-46D3-B125-DCE4AF783A33}
		{C7033B33-EDA1-4704-B555-B2E98B06EF5B} = {364DDF5F-03E3-4215-94E4-73AA564CB4CE}
		{AEE9449C-30A0-438D-8404-7A8237588E15} = {364DDF5F-03E3-4215-94E4-73AA564CB4CE}
	EndGlobalSection
	GlobalSection(ExtensibilityGlobals) = postSolution
		SolutionGuid = {3CB609D9-5D54-4C11-A371-DAAC8B74E430}
	EndGlobalSection
EndGlobal
