
Microsoft Visual Studio Solution File, Format Version 12.00
Project("{FAE04EC0-301F-11D3-BF4B-00C04F79EFBC}") = "EMS.Tools", "EMS.Tools.csproj", "{EE48E6B7-4438-4820-B439-F1E53CE89400}"
EndProject
Project("{FAE04EC0-301F-11D3-BF4B-00C04F79EFBC}") = "Core", "..\src\Core\Core.csproj", "{C1F3C9E1-DEAC-4D5C-9541-1272520ED2FD}"
EndProject
Project("{FAE04EC0-301F-11D3-BF4B-00C04F79EFBC}") = "Core.Application", "..\src\Core.Application\Core.Application.csproj", "{1500DA76-0C69-4A85-B66D-647501DD84FD}"
EndProject
Project("{FAE04EC0-301F-11D3-BF4B-00C04F79EFBC}") = "Core.Domain", "..\src\Core.Domain\Core.Domain.csproj", "{A6E70451-4325-44A6-9E97-2B2DBC61B446}"
EndProject
Project("{FAE04EC0-301F-11D3-BF4B-00C04F79EFBC}") = "Core.Localization", "..\src\Core.Localization\Core.Localization.csproj", "{28A43941-B39B-4B01-A10E-929D2158A9E5}"
EndProject
Global
	GlobalSection(SolutionConfigurationPlatforms) = preSolution
		Debug|Any CPU = Debug|Any CPU
		Release|Any CPU = Release|Any CPU
	EndGlobalSection
	GlobalSection(ProjectConfigurationPlatforms) = postSolution
		{EE48E6B7-4438-4820-B439-F1E53CE89400}.Debug|Any CPU.ActiveCfg = Debug|Any CPU
		{EE48E6B7-4438-4820-B439-F1E53CE89400}.Debug|Any CPU.Build.0 = Debug|Any CPU
		{EE48E6B7-4438-4820-B439-F1E53CE89400}.Release|Any CPU.ActiveCfg = Release|Any CPU
		{EE48E6B7-4438-4820-B439-F1E53CE89400}.Release|Any CPU.Build.0 = Release|Any CPU
		{C1F3C9E1-DEAC-4D5C-9541-1272520ED2FD}.Debug|Any CPU.ActiveCfg = Debug|Any CPU
		{C1F3C9E1-DEAC-4D5C-9541-1272520ED2FD}.Debug|Any CPU.Build.0 = Debug|Any CPU
		{C1F3C9E1-DEAC-4D5C-9541-1272520ED2FD}.Release|Any CPU.ActiveCfg = Release|Any CPU
		{C1F3C9E1-DEAC-4D5C-9541-1272520ED2FD}.Release|Any CPU.Build.0 = Release|Any CPU
		{1500DA76-0C69-4A85-B66D-647501DD84FD}.Debug|Any CPU.ActiveCfg = Debug|Any CPU
		{1500DA76-0C69-4A85-B66D-647501DD84FD}.Debug|Any CPU.Build.0 = Debug|Any CPU
		{1500DA76-0C69-4A85-B66D-647501DD84FD}.Release|Any CPU.ActiveCfg = Release|Any CPU
		{1500DA76-0C69-4A85-B66D-647501DD84FD}.Release|Any CPU.Build.0 = Release|Any CPU
		{A6E70451-4325-44A6-9E97-2B2DBC61B446}.Debug|Any CPU.ActiveCfg = Debug|Any CPU
		{A6E70451-4325-44A6-9E97-2B2DBC61B446}.Debug|Any CPU.Build.0 = Debug|Any CPU
		{A6E70451-4325-44A6-9E97-2B2DBC61B446}.Release|Any CPU.ActiveCfg = Release|Any CPU
		{A6E70451-4325-44A6-9E97-2B2DBC61B446}.Release|Any CPU.Build.0 = Release|Any CPU
		{28A43941-B39B-4B01-A10E-929D2158A9E5}.Debug|Any CPU.ActiveCfg = Debug|Any CPU
		{28A43941-B39B-4B01-A10E-929D2158A9E5}.Debug|Any CPU.Build.0 = Debug|Any CPU
		{28A43941-B39B-4B01-A10E-929D2158A9E5}.Release|Any CPU.ActiveCfg = Release|Any CPU
		{28A43941-B39B-4B01-A10E-929D2158A9E5}.Release|Any CPU.Build.0 = Release|Any CPU
	EndGlobalSection
EndGlobal
