
Microsoft Visual Studio Solution File, Format Version 12.00
# Visual Studio Version 17
VisualStudioVersion = 17.6.33712.159
MinimumVisualStudioVersion = 10.0.40219.1
Project("{2150E333-8FDC-42A3-9474-1A3956D46DE8}") = "_config", "_config", "{F272C7E7-B2BB-423A-9455-11B38B39A381}"
	ProjectSection(SolutionItems) = preProject
		.editorconfig = .editorconfig
		..\.gitignore = ..\.gitignore
		Directory.Build.targets = Directory.Build.targets
		endurance-management-system.sln.DotSettings = endurance-management-system.sln.DotSettings
		..\global.json = ..\global.json
		Global.ruleset = Global.ruleset
		..\README.md = ..\README.md
		stylecop.json = stylecop.json
	EndProjectSection
EndProject
Project("{9A19103F-16F7-4668-BE54-9A1E7A4F7556}") = "NTS.Domain", "v4\EMS.Domain\NTS.Domain.csproj", "{560C4A13-3128-40F7-BDA0-CDB183C71767}"
EndProject
Project("{9A19103F-16F7-4668-BE54-9A1E7A4F7556}") = "NTS.Domain.Core", "v4\EMS.Domain.Core\NTS.Domain.Core.csproj", "{4BBAB7B1-577F-441C-93D2-C4FE3B891BDB}"
EndProject
Project("{9A19103F-16F7-4668-BE54-9A1E7A4F7556}") = "NTS.Domain.Setup", "v4\EMS.Domain.Setup\NTS.Domain.Setup.csproj", "{866C8E44-1E56-47CE-B7CD-48DB02A7CD88}"
EndProject
Project("{9A19103F-16F7-4668-BE54-9A1E7A4F7556}") = "NTS.Domain.Watcher", "v4\EMS.Domain.Watcher\NTS.Domain.Watcher.csproj", "{75A38DD3-ED26-4E59-946A-43854C3B9B73}"
EndProject
Project("{2150E333-8FDC-42A3-9474-1A3956D46DE8}") = "Judge", "Judge", "{35F61047-DE3E-46D3-B125-DCE4AF783A33}"
EndProject
Project("{2150E333-8FDC-42A3-9474-1A3956D46DE8}") = "Witness", "Witness", "{364DDF5F-03E3-4215-94E4-73AA564CB4CE}"
EndProject
Project("{9A19103F-16F7-4668-BE54-9A1E7A4F7556}") = "NTS.Application", "v4\EMS.Common\NTS.Application.csproj", "{9C709175-C7D7-48B3-A1A9-C3F69F724440}"
EndProject
Project("{2150E333-8FDC-42A3-9474-1A3956D46DE8}") = "_Not", "_Not", "{06233005-CC56-4846-8760-F7AFF5F72F4C}"
EndProject
Project("{9A19103F-16F7-4668-BE54-9A1E7A4F7556}") = "NTS.Judge", "v4\Judge\EMS.Judge\NTS.Judge.csproj", "{08A7F695-4FC6-4345-96F8-94BE1E02C8CC}"
EndProject
Project("{9A19103F-16F7-4668-BE54-9A1E7A4F7556}") = "NTS.Judge.MAUI.Servcer", "v4\Judge\EMS.Judge.Server\NTS.Judge.MAUI.Servcer.csproj", "{D7D0CC40-602B-43A4-B304-0022F066C1C2}"
EndProject
Project("{9A19103F-16F7-4668-BE54-9A1E7A4F7556}") = "NTS.Judge.MAUI", "v4\Judge\EMS.Judge.UI\NTS.Judge.MAUI.csproj", "{9A0DD55F-8CAA-48E9-9224-30FB3FAE726D}"
EndProject
Project("{9A19103F-16F7-4668-BE54-9A1E7A4F7556}") = "NTS.Witness.MAUI", "v4\Witness\EMS.Witness.UI\NTS.Witness.MAUI.csproj", "{25E5AAB4-E41F-4883-80AE-AF10CC73775F}"
EndProject
Project("{9A19103F-16F7-4668-BE54-9A1E7A4F7556}") = "NTS.Persistence", "v4\EMS.Persistance\NTS.Persistence.csproj", "{B85BA4E0-4692-437B-AEBD-09410343358E}"
EndProject
Project("{9A19103F-16F7-4668-BE54-9A1E7A4F7556}") = "NTS.Witness", "v4\Witness\EMS.Witness\NTS.Witness.csproj", "{FDB9015F-8C42-46CD-A5A6-435E9A3FCD3C}"
EndProject
Project("{9A19103F-16F7-4668-BE54-9A1E7A4F7556}") = "Tools", "v4\Tools\Tools.csproj", "{734C0E0E-C1F8-4586-A387-3D9AFC78368D}"
EndProject
Project("{9A19103F-16F7-4668-BE54-9A1E7A4F7556}") = "Not", "v4\Not\Not\Not.csproj", "{5B4006B1-FE6D-40BB-9458-675F92C287C5}"
EndProject
Project("{9A19103F-16F7-4668-BE54-9A1E7A4F7556}") = "Not.Application", "v4\Not\Not.Application\Not.Application.csproj", "{C665C56D-7759-4298-8EB6-4CDF2038622A}"
EndProject
Project("{9A19103F-16F7-4668-BE54-9A1E7A4F7556}") = "Not.Blazor", "v4\Not\Not.Blazor\Not.Blazor.csproj", "{80A417E5-F50B-4FD1-881D-0A59AE05FDB8}"
EndProject
Project("{9A19103F-16F7-4668-BE54-9A1E7A4F7556}") = "Not.Domain", "v4\Not\Not.Domain\Not.Domain.csproj", "{0DA0258D-25BD-4216-840A-1A824292B398}"
EndProject
Project("{9A19103F-16F7-4668-BE54-9A1E7A4F7556}") = "Not.MAUI", "v4\Not\Not.MAUI\Not.MAUI.csproj", "{80EC3E2B-764F-44C2-BF34-D076C36A79B9}"
EndProject
Project("{9A19103F-16F7-4668-BE54-9A1E7A4F7556}") = "NTS.Judge.Blazor", "v4\Judge\NTS.Judge.Blazor\NTS.Judge.Blazor.csproj", "{0F48C778-5CFC-4930-BF1A-6BD881728431}"
EndProject
Global
	GlobalSection(SolutionConfigurationPlatforms) = preSolution
		Debug|Any CPU = Debug|Any CPU
		Release|Any CPU = Release|Any CPU
	EndGlobalSection
	GlobalSection(ProjectConfigurationPlatforms) = postSolution
		{560C4A13-3128-40F7-BDA0-CDB183C71767}.Debug|Any CPU.ActiveCfg = Debug|Any CPU
		{560C4A13-3128-40F7-BDA0-CDB183C71767}.Debug|Any CPU.Build.0 = Debug|Any CPU
		{560C4A13-3128-40F7-BDA0-CDB183C71767}.Release|Any CPU.ActiveCfg = Release|Any CPU
		{560C4A13-3128-40F7-BDA0-CDB183C71767}.Release|Any CPU.Build.0 = Release|Any CPU
		{4BBAB7B1-577F-441C-93D2-C4FE3B891BDB}.Debug|Any CPU.ActiveCfg = Debug|Any CPU
		{4BBAB7B1-577F-441C-93D2-C4FE3B891BDB}.Debug|Any CPU.Build.0 = Debug|Any CPU
		{4BBAB7B1-577F-441C-93D2-C4FE3B891BDB}.Release|Any CPU.ActiveCfg = Release|Any CPU
		{4BBAB7B1-577F-441C-93D2-C4FE3B891BDB}.Release|Any CPU.Build.0 = Release|Any CPU
		{866C8E44-1E56-47CE-B7CD-48DB02A7CD88}.Debug|Any CPU.ActiveCfg = Debug|Any CPU
		{866C8E44-1E56-47CE-B7CD-48DB02A7CD88}.Debug|Any CPU.Build.0 = Debug|Any CPU
		{866C8E44-1E56-47CE-B7CD-48DB02A7CD88}.Release|Any CPU.ActiveCfg = Release|Any CPU
		{866C8E44-1E56-47CE-B7CD-48DB02A7CD88}.Release|Any CPU.Build.0 = Release|Any CPU
		{75A38DD3-ED26-4E59-946A-43854C3B9B73}.Debug|Any CPU.ActiveCfg = Debug|Any CPU
		{75A38DD3-ED26-4E59-946A-43854C3B9B73}.Debug|Any CPU.Build.0 = Debug|Any CPU
		{75A38DD3-ED26-4E59-946A-43854C3B9B73}.Release|Any CPU.ActiveCfg = Release|Any CPU
		{75A38DD3-ED26-4E59-946A-43854C3B9B73}.Release|Any CPU.Build.0 = Release|Any CPU
		{9C709175-C7D7-48B3-A1A9-C3F69F724440}.Debug|Any CPU.ActiveCfg = Debug|Any CPU
		{9C709175-C7D7-48B3-A1A9-C3F69F724440}.Debug|Any CPU.Build.0 = Debug|Any CPU
		{9C709175-C7D7-48B3-A1A9-C3F69F724440}.Release|Any CPU.ActiveCfg = Release|Any CPU
		{9C709175-C7D7-48B3-A1A9-C3F69F724440}.Release|Any CPU.Build.0 = Release|Any CPU
		{08A7F695-4FC6-4345-96F8-94BE1E02C8CC}.Debug|Any CPU.ActiveCfg = Debug|Any CPU
		{08A7F695-4FC6-4345-96F8-94BE1E02C8CC}.Debug|Any CPU.Build.0 = Debug|Any CPU
		{08A7F695-4FC6-4345-96F8-94BE1E02C8CC}.Release|Any CPU.ActiveCfg = Release|Any CPU
		{08A7F695-4FC6-4345-96F8-94BE1E02C8CC}.Release|Any CPU.Build.0 = Release|Any CPU
		{D7D0CC40-602B-43A4-B304-0022F066C1C2}.Debug|Any CPU.ActiveCfg = Debug|Any CPU
		{D7D0CC40-602B-43A4-B304-0022F066C1C2}.Debug|Any CPU.Build.0 = Debug|Any CPU
		{D7D0CC40-602B-43A4-B304-0022F066C1C2}.Release|Any CPU.ActiveCfg = Release|Any CPU
		{D7D0CC40-602B-43A4-B304-0022F066C1C2}.Release|Any CPU.Build.0 = Release|Any CPU
		{9A0DD55F-8CAA-48E9-9224-30FB3FAE726D}.Debug|Any CPU.ActiveCfg = Debug|Any CPU
		{9A0DD55F-8CAA-48E9-9224-30FB3FAE726D}.Debug|Any CPU.Build.0 = Debug|Any CPU
		{9A0DD55F-8CAA-48E9-9224-30FB3FAE726D}.Debug|Any CPU.Deploy.0 = Debug|Any CPU
		{9A0DD55F-8CAA-48E9-9224-30FB3FAE726D}.Release|Any CPU.ActiveCfg = Release|Any CPU
		{9A0DD55F-8CAA-48E9-9224-30FB3FAE726D}.Release|Any CPU.Build.0 = Release|Any CPU
		{9A0DD55F-8CAA-48E9-9224-30FB3FAE726D}.Release|Any CPU.Deploy.0 = Release|Any CPU
		{25E5AAB4-E41F-4883-80AE-AF10CC73775F}.Debug|Any CPU.ActiveCfg = Debug|Any CPU
		{25E5AAB4-E41F-4883-80AE-AF10CC73775F}.Debug|Any CPU.Build.0 = Debug|Any CPU
		{25E5AAB4-E41F-4883-80AE-AF10CC73775F}.Debug|Any CPU.Deploy.0 = Debug|Any CPU
		{25E5AAB4-E41F-4883-80AE-AF10CC73775F}.Release|Any CPU.ActiveCfg = Release|Any CPU
		{25E5AAB4-E41F-4883-80AE-AF10CC73775F}.Release|Any CPU.Build.0 = Release|Any CPU
		{25E5AAB4-E41F-4883-80AE-AF10CC73775F}.Release|Any CPU.Deploy.0 = Release|Any CPU
		{B85BA4E0-4692-437B-AEBD-09410343358E}.Debug|Any CPU.ActiveCfg = Debug|Any CPU
		{B85BA4E0-4692-437B-AEBD-09410343358E}.Debug|Any CPU.Build.0 = Debug|Any CPU
		{B85BA4E0-4692-437B-AEBD-09410343358E}.Release|Any CPU.ActiveCfg = Release|Any CPU
		{B85BA4E0-4692-437B-AEBD-09410343358E}.Release|Any CPU.Build.0 = Release|Any CPU
		{FDB9015F-8C42-46CD-A5A6-435E9A3FCD3C}.Debug|Any CPU.ActiveCfg = Debug|Any CPU
		{FDB9015F-8C42-46CD-A5A6-435E9A3FCD3C}.Debug|Any CPU.Build.0 = Debug|Any CPU
		{FDB9015F-8C42-46CD-A5A6-435E9A3FCD3C}.Release|Any CPU.ActiveCfg = Release|Any CPU
		{FDB9015F-8C42-46CD-A5A6-435E9A3FCD3C}.Release|Any CPU.Build.0 = Release|Any CPU
		{734C0E0E-C1F8-4586-A387-3D9AFC78368D}.Debug|Any CPU.ActiveCfg = Debug|Any CPU
		{734C0E0E-C1F8-4586-A387-3D9AFC78368D}.Debug|Any CPU.Build.0 = Debug|Any CPU
		{734C0E0E-C1F8-4586-A387-3D9AFC78368D}.Release|Any CPU.ActiveCfg = Release|Any CPU
		{734C0E0E-C1F8-4586-A387-3D9AFC78368D}.Release|Any CPU.Build.0 = Release|Any CPU
		{5B4006B1-FE6D-40BB-9458-675F92C287C5}.Debug|Any CPU.ActiveCfg = Debug|Any CPU
		{5B4006B1-FE6D-40BB-9458-675F92C287C5}.Debug|Any CPU.Build.0 = Debug|Any CPU
		{5B4006B1-FE6D-40BB-9458-675F92C287C5}.Release|Any CPU.ActiveCfg = Release|Any CPU
		{5B4006B1-FE6D-40BB-9458-675F92C287C5}.Release|Any CPU.Build.0 = Release|Any CPU
		{C665C56D-7759-4298-8EB6-4CDF2038622A}.Debug|Any CPU.ActiveCfg = Debug|Any CPU
		{C665C56D-7759-4298-8EB6-4CDF2038622A}.Debug|Any CPU.Build.0 = Debug|Any CPU
		{C665C56D-7759-4298-8EB6-4CDF2038622A}.Release|Any CPU.ActiveCfg = Release|Any CPU
		{C665C56D-7759-4298-8EB6-4CDF2038622A}.Release|Any CPU.Build.0 = Release|Any CPU
		{80A417E5-F50B-4FD1-881D-0A59AE05FDB8}.Debug|Any CPU.ActiveCfg = Debug|Any CPU
		{80A417E5-F50B-4FD1-881D-0A59AE05FDB8}.Debug|Any CPU.Build.0 = Debug|Any CPU
		{80A417E5-F50B-4FD1-881D-0A59AE05FDB8}.Release|Any CPU.ActiveCfg = Release|Any CPU
		{80A417E5-F50B-4FD1-881D-0A59AE05FDB8}.Release|Any CPU.Build.0 = Release|Any CPU
		{0DA0258D-25BD-4216-840A-1A824292B398}.Debug|Any CPU.ActiveCfg = Debug|Any CPU
		{0DA0258D-25BD-4216-840A-1A824292B398}.Debug|Any CPU.Build.0 = Debug|Any CPU
		{0DA0258D-25BD-4216-840A-1A824292B398}.Release|Any CPU.ActiveCfg = Release|Any CPU
		{0DA0258D-25BD-4216-840A-1A824292B398}.Release|Any CPU.Build.0 = Release|Any CPU
		{80EC3E2B-764F-44C2-BF34-D076C36A79B9}.Debug|Any CPU.ActiveCfg = Debug|Any CPU
		{80EC3E2B-764F-44C2-BF34-D076C36A79B9}.Debug|Any CPU.Build.0 = Debug|Any CPU
		{80EC3E2B-764F-44C2-BF34-D076C36A79B9}.Release|Any CPU.ActiveCfg = Release|Any CPU
		{80EC3E2B-764F-44C2-BF34-D076C36A79B9}.Release|Any CPU.Build.0 = Release|Any CPU
		{0F48C778-5CFC-4930-BF1A-6BD881728431}.Debug|Any CPU.ActiveCfg = Debug|Any CPU
		{0F48C778-5CFC-4930-BF1A-6BD881728431}.Debug|Any CPU.Build.0 = Debug|Any CPU
		{0F48C778-5CFC-4930-BF1A-6BD881728431}.Release|Any CPU.ActiveCfg = Release|Any CPU
		{0F48C778-5CFC-4930-BF1A-6BD881728431}.Release|Any CPU.Build.0 = Release|Any CPU
	EndGlobalSection
	GlobalSection(SolutionProperties) = preSolution
		HideSolutionNode = FALSE
	EndGlobalSection
	GlobalSection(NestedProjects) = preSolution
		{08A7F695-4FC6-4345-96F8-94BE1E02C8CC} = {35F61047-DE3E-46D3-B125-DCE4AF783A33}
		{D7D0CC40-602B-43A4-B304-0022F066C1C2} = {35F61047-DE3E-46D3-B125-DCE4AF783A33}
		{9A0DD55F-8CAA-48E9-9224-30FB3FAE726D} = {35F61047-DE3E-46D3-B125-DCE4AF783A33}
		{25E5AAB4-E41F-4883-80AE-AF10CC73775F} = {364DDF5F-03E3-4215-94E4-73AA564CB4CE}
		{FDB9015F-8C42-46CD-A5A6-435E9A3FCD3C} = {364DDF5F-03E3-4215-94E4-73AA564CB4CE}
		{5B4006B1-FE6D-40BB-9458-675F92C287C5} = {06233005-CC56-4846-8760-F7AFF5F72F4C}
		{C665C56D-7759-4298-8EB6-4CDF2038622A} = {06233005-CC56-4846-8760-F7AFF5F72F4C}
		{80A417E5-F50B-4FD1-881D-0A59AE05FDB8} = {06233005-CC56-4846-8760-F7AFF5F72F4C}
		{0DA0258D-25BD-4216-840A-1A824292B398} = {06233005-CC56-4846-8760-F7AFF5F72F4C}
		{80EC3E2B-764F-44C2-BF34-D076C36A79B9} = {06233005-CC56-4846-8760-F7AFF5F72F4C}
		{0F48C778-5CFC-4930-BF1A-6BD881728431} = {35F61047-DE3E-46D3-B125-DCE4AF783A33}
	EndGlobalSection
	GlobalSection(ExtensibilityGlobals) = postSolution
		SolutionGuid = {3CB609D9-5D54-4C11-A371-DAAC8B74E430}
	EndGlobalSection
EndGlobal
