
Microsoft Visual Studio Solution File, Format Version 12.00
Project("{FAE04EC0-301F-11D3-BF4B-00C04F79EFBC}") = "Core", "Core\Core.csproj", "{0E21FDFE-A5EF-4BC5-B4F9-194F3693C1C1}"
EndProject
Project("{FAE04EC0-301F-11D3-BF4B-00C04F79EFBC}") = "API", "Gateways\API\API.csproj", "{F4CBF565-755C-457C-9383-413372DB196F}"
EndProject
Project("{FAE04EC0-301F-11D3-BF4B-00C04F79EFBC}") = "Application", "Application\Application.csproj", "{515110A8-76EC-40DA-A8FE-109FF39D0E69}"
EndProject
Global
	GlobalSection(SolutionConfigurationPlatforms) = preSolution
		Debug|Any CPU = Debug|Any CPU
		Release|Any CPU = Release|Any CPU
	EndGlobalSection
	GlobalSection(ProjectConfigurationPlatforms) = postSolution
		{0E21FDFE-A5EF-4BC5-B4F9-194F3693C1C1}.Debug|Any CPU.ActiveCfg = Debug|Any CPU
		{0E21FDFE-A5EF-4BC5-B4F9-194F3693C1C1}.Debug|Any CPU.Build.0 = Debug|Any CPU
		{0E21FDFE-A5EF-4BC5-B4F9-194F3693C1C1}.Release|Any CPU.ActiveCfg = Release|Any CPU
		{0E21FDFE-A5EF-4BC5-B4F9-194F3693C1C1}.Release|Any CPU.Build.0 = Release|Any CPU
		{F4CBF565-755C-457C-9383-413372DB196F}.Debug|Any CPU.ActiveCfg = Debug|Any CPU
		{F4CBF565-755C-457C-9383-413372DB196F}.Debug|Any CPU.Build.0 = Debug|Any CPU
		{F4CBF565-755C-457C-9383-413372DB196F}.Release|Any CPU.ActiveCfg = Release|Any CPU
		{F4CBF565-755C-457C-9383-413372DB196F}.Release|Any CPU.Build.0 = Release|Any CPU
		{515110A8-76EC-40DA-A8FE-109FF39D0E69}.Debug|Any CPU.ActiveCfg = Debug|Any CPU
		{515110A8-76EC-40DA-A8FE-109FF39D0E69}.Debug|Any CPU.Build.0 = Debug|Any CPU
		{515110A8-76EC-40DA-A8FE-109FF39D0E69}.Release|Any CPU.ActiveCfg = Release|Any CPU
		{515110A8-76EC-40DA-A8FE-109FF39D0E69}.Release|Any CPU.Build.0 = Release|Any CPU
	EndGlobalSection
EndGlobal
