
Microsoft Visual Studio Solution File, Format Version 12.00
# Visual Studio Version 16
VisualStudioVersion = 16.0.29319.158
MinimumVisualStudioVersion = 10.0.40219.1
Project("{2150E333-8FDC-42A3-9474-1A3956D46DE8}") = "Gateways", "Gateways", "{D327FC5A-4CE3-4663-A655-D4420E57240A}"
EndProject
Project("{FAE04EC0-301F-11D3-BF4B-00C04F79EFBC}") = "EMS.Judge", "Gateways\EMS.Judge\EMS.Judge.csproj", "{B006104E-AEC8-427C-B694-E45427E8C81E}"
EndProject
Project("{2150E333-8FDC-42A3-9474-1A3956D46DE8}") = "EMS", "EMS", "{9732CEF3-94AB-4E1E-9218-2D1E3854D2DB}"
EndProject
Project("{FAE04EC0-301F-11D3-BF4B-00C04F79EFBC}") = "EMS.Core", "EMS\EMS.Core\EMS.Core.csproj", "{8525C1B6-0E33-49EC-9015-7DC5097ACF86}"
EndProject
Project("{FAE04EC0-301F-11D3-BF4B-00C04F79EFBC}") = "EMS.Core.Application", "EMS\EMS.Core.Application\EMS.Core.Application.csproj", "{AB7060BF-6852-49D3-98FB-51F61832942D}"
EndProject
Project("{FAE04EC0-301F-11D3-BF4B-00C04F79EFBC}") = "EMS.Core.Domain", "EMS\EMS.Core.Domain\EMS.Core.Domain.csproj", "{A61A1311-B04D-44F1-8CB9-AFE16840543B}"
EndProject
Project("{FAE04EC0-301F-11D3-BF4B-00C04F79EFBC}") = "EMS.Core.Localization", "EMS\EMS.Core.Localization\EMS.Core.Localization.csproj", "{65141D1E-94C9-418B-ABDD-278B19383D01}"
EndProject
Global
	GlobalSection(SolutionConfigurationPlatforms) = preSolution
		Debug|Any CPU = Debug|Any CPU
		Release|Any CPU = Release|Any CPU
	EndGlobalSection
	GlobalSection(ProjectConfigurationPlatforms) = postSolution
		{B006104E-AEC8-427C-B694-E45427E8C81E}.Debug|Any CPU.ActiveCfg = Debug|Any CPU
		{B006104E-AEC8-427C-B694-E45427E8C81E}.Debug|Any CPU.Build.0 = Debug|Any CPU
		{B006104E-AEC8-427C-B694-E45427E8C81E}.Release|Any CPU.ActiveCfg = Release|Any CPU
		{B006104E-AEC8-427C-B694-E45427E8C81E}.Release|Any CPU.Build.0 = Release|Any CPU
		{8525C1B6-0E33-49EC-9015-7DC5097ACF86}.Debug|Any CPU.ActiveCfg = Debug|Any CPU
		{8525C1B6-0E33-49EC-9015-7DC5097ACF86}.Debug|Any CPU.Build.0 = Debug|Any CPU
		{8525C1B6-0E33-49EC-9015-7DC5097ACF86}.Release|Any CPU.ActiveCfg = Release|Any CPU
		{8525C1B6-0E33-49EC-9015-7DC5097ACF86}.Release|Any CPU.Build.0 = Release|Any CPU
		{AB7060BF-6852-49D3-98FB-51F61832942D}.Debug|Any CPU.ActiveCfg = Debug|Any CPU
		{AB7060BF-6852-49D3-98FB-51F61832942D}.Debug|Any CPU.Build.0 = Debug|Any CPU
		{AB7060BF-6852-49D3-98FB-51F61832942D}.Release|Any CPU.ActiveCfg = Release|Any CPU
		{AB7060BF-6852-49D3-98FB-51F61832942D}.Release|Any CPU.Build.0 = Release|Any CPU
		{A61A1311-B04D-44F1-8CB9-AFE16840543B}.Debug|Any CPU.ActiveCfg = Debug|Any CPU
		{A61A1311-B04D-44F1-8CB9-AFE16840543B}.Debug|Any CPU.Build.0 = Debug|Any CPU
		{A61A1311-B04D-44F1-8CB9-AFE16840543B}.Release|Any CPU.ActiveCfg = Release|Any CPU
		{A61A1311-B04D-44F1-8CB9-AFE16840543B}.Release|Any CPU.Build.0 = Release|Any CPU
		{65141D1E-94C9-418B-ABDD-278B19383D01}.Debug|Any CPU.ActiveCfg = Debug|Any CPU
		{65141D1E-94C9-418B-ABDD-278B19383D01}.Debug|Any CPU.Build.0 = Debug|Any CPU
		{65141D1E-94C9-418B-ABDD-278B19383D01}.Release|Any CPU.ActiveCfg = Release|Any CPU
		{65141D1E-94C9-418B-ABDD-278B19383D01}.Release|Any CPU.Build.0 = Release|Any CPU
	EndGlobalSection
	GlobalSection(SolutionProperties) = preSolution
		HideSolutionNode = FALSE
	EndGlobalSection
	GlobalSection(NestedProjects) = preSolution
		{B006104E-AEC8-427C-B694-E45427E8C81E} = {D327FC5A-4CE3-4663-A655-D4420E57240A}
		{8525C1B6-0E33-49EC-9015-7DC5097ACF86} = {9732CEF3-94AB-4E1E-9218-2D1E3854D2DB}
		{AB7060BF-6852-49D3-98FB-51F61832942D} = {9732CEF3-94AB-4E1E-9218-2D1E3854D2DB}
		{A61A1311-B04D-44F1-8CB9-AFE16840543B} = {9732CEF3-94AB-4E1E-9218-2D1E3854D2DB}
		{65141D1E-94C9-418B-ABDD-278B19383D01} = {9732CEF3-94AB-4E1E-9218-2D1E3854D2DB}
	EndGlobalSection
	GlobalSection(ExtensibilityGlobals) = postSolution
		SolutionGuid = {3CB609D9-5D54-4C11-A371-DAAC8B74E430}
	EndGlobalSection
EndGlobal
